github.com/bobbae/glog v0.0.0-20180424005732-0433c5447896 h1:KDt9TdiwcyajohaVXif5ekWI5u4CgpLdg4fyR07qgLI=
github.com/bobbae/glog v0.0.0-20180424005732-0433c5447896/go.mod h1:c9Nct//v+wzpQFdVwXSH9wE76IvosZ5D2lIBsD/9p8A=
github.com/miekg/pcap v1.0.1 h1:PadRaem6RMa0ac/48PwBrOijkGlMgv50LiCq3SLVPtQ=
github.com/miekg/pcap v1.0.1/go.mod h1:a6riwTC2+dUguhc2908R2bW9aGkEpEq2u+iNqm31Jgw=
